<?xml version="1.0" encoding="utf-8"?>
<Project xmlns="http://schemas.microsoft.com/developer/msbuild/2003">
  <ItemGroup>
    <Filter Include="Generated Files">
      <UniqueIdentifier>{71ED8ED8-ACB9-4CE9-BBE1-E00B30144E11}</UniqueIdentifier>
      <Extensions>cpp;c;cxx;moc;h;def;odl;idl;res;</Extensions>
    </Filter>
    <Filter Include="Generated Files">
      <UniqueIdentifier>{71ED8ED8-ACB9-4CE9-BBE1-E00B30144E11}</UniqueIdentifier>
      <Extensions>cpp;c;cxx;moc;h;def;odl;idl;res;</Extensions>
    </Filter>
    <Filter Include="Header Files">
      <UniqueIdentifier>{93995380-89BD-4b04-88EB-625FBE52EBFB}</UniqueIdentifier>
      <Extensions>h;hpp;hxx;hm;inl;inc;xsd</Extensions>
    </Filter>
    <Filter Include="Header Files">
      <UniqueIdentifier>{93995380-89BD-4b04-88EB-625FBE52EBFB}</UniqueIdentifier>
      <Extensions>h;hpp;hxx;hm;inl;inc;xsd</Extensions>
    </Filter>
    <Filter Include="Source Files">
      <UniqueIdentifier>{4FC737F1-C7A5-4376-A066-2A32D752A2FF}</UniqueIdentifier>
      <Extensions>cpp;c;cxx;def;odl;idl;hpj;bat;asm;asmx</Extensions>
    </Filter>
    <Filter Include="Source Files">
      <UniqueIdentifier>{4FC737F1-C7A5-4376-A066-2A32D752A2FF}</UniqueIdentifier>
      <Extensions>cpp;c;cxx;def;odl;idl;hpj;bat;asm;asmx</Extensions>
    </Filter>
  </ItemGroup>
  <ItemGroup>
    <ClCompile Include="src\baseSet\AgeUnitModel.cpp">
      <Filter>Source Files</Filter>
    </ClCompile>
    <ClCompile Include="src\sample\BatchAddSampleModel.cpp">
      <Filter>Source Files</Filter>
    </ClCompile>
    <ClCompile Include="src\baseSet\BedNoModel.cpp">
      <Filter>Source Files</Filter>
    </ClCompile>
    <ClCompile Include="src\baseSet\CommonType.cpp">
      <Filter>Source Files</Filter>
    </ClCompile>
    <ClCompile Include="src\baseSet\DepartmentModel.cpp">
      <Filter>Source Files</Filter>
    </ClCompile>
    <ClCompile Include="src\baseSet\DiagnosisModel.cpp">
      <Filter>Source Files</Filter>
    </ClCompile>
    <ClCompile Include="src\baseSet\InstrumentParasSetModel.cpp">
      <Filter>Source Files</Filter>
    </ClCompile>
    <ClCompile Include="src\baseSet\InstrumentStateModel.cpp">
      <Filter>Source Files</Filter>
    </ClCompile>
    <ClCompile Include="src\baseSet\ItemModel.cpp">
      <Filter>Source Files</Filter>
    </ClCompile>
    <ClCompile Include="src\result\JudgeRules.cpp">
      <Filter>Source Files</Filter>
    </ClCompile>
    <ClCompile Include="src\baseSet\ProcessModel.cpp">
      <Filter>Source Files</Filter>
    </ClCompile>
    <ClCompile Include="src\baseSet\ProcessParaModel.cpp">
      <Filter>Source Files</Filter>
    </ClCompile>
    <ClCompile Include="src\reagent\ProcessReagentModel.cpp">
      <Filter>Source Files</Filter>
    </ClCompile>
    <ClCompile Include="src\baseSet\ProcessStepModel.cpp">
      <Filter>Source Files</Filter>
    </ClCompile>
    <ClCompile Include="src\reagent\ReagentModel.cpp">
      <Filter>Source Files</Filter>
    </ClCompile>
    <ClCompile Include="src\baseSet\RemarkModel.cpp">
      <Filter>Source Files</Filter>
    </ClCompile>
    <ClCompile Include="src\sample\SampleModel.cpp">
      <Filter>Source Files</Filter>
    </ClCompile>
    <ClCompile Include="src\sample\SampleRackModel.cpp">
      <Filter>Source Files</Filter>
    </ClCompile>
    <ClCompile Include="src\sample\SampleSchModel.cpp">
      <Filter>Source Files</Filter>
    </ClCompile>
    <ClCompile Include="src\baseSet\SampleSenderModel.cpp">
      <Filter>Source Files</Filter>
    </ClCompile>
    <ClCompile Include="src\sample\SampleTestModel.cpp">
      <Filter>Source Files</Filter>
    </ClCompile>
    <ClCompile Include="src\baseSet\SexModel.cpp">
      <Filter>Source Files</Filter>
    </ClCompile>
    <ClCompile Include="src\baseSet\SystemSetModel.cpp">
      <Filter>Source Files</Filter>
    </ClCompile>
    <ClCompile Include="src\baseSet\TestPaperModel.cpp">
      <Filter>Source Files</Filter>
    </ClCompile>
    <ClCompile Include="src\sample\TestParasModel.cpp">
      <Filter>Source Files</Filter>
    </ClCompile>
    <ClCompile Include="src\result\TestResultModel.cpp">
      <Filter>Source Files</Filter>
    </ClCompile>
    <ClCompile Include="src\user\UserGroupModel.cpp">
      <Filter>Source Files</Filter>
    </ClCompile>
    <ClCompile Include="src\user\UserModel.cpp">
      <Filter>Source Files</Filter>
    </ClCompile>
    <ClCompile Include="src\baseSet\WardModel.cpp">
      <Filter>Source Files</Filter>
    </ClCompile>
  </ItemGroup>
  <ItemGroup>
    <ClInclude Include="src\baseSet\AgeUnitModel.h">
      <Filter>Header Files</Filter>
    </ClInclude>
    <ClInclude Include="src\sample\BatchAddSampleModel.h">
      <Filter>Header Files</Filter>
    </ClInclude>
    <ClInclude Include="src\baseSet\BedNoModel.h">
      <Filter>Header Files</Filter>
    </ClInclude>
    <ClInclude Include="src\baseSet\CommonType.h">
      <Filter>Header Files</Filter>
    </ClInclude>
    <ClInclude Include="src\baseSet\DepartmentModel.h">
      <Filter>Header Files</Filter>
    </ClInclude>
    <ClInclude Include="src\baseSet\DiagnosisModel.h">
      <Filter>Header Files</Filter>
    </ClInclude>
    <ClInclude Include="src\baseSet\InstrumentParasSetModel.h">
      <Filter>Header Files</Filter>
    </ClInclude>
    <ClInclude Include="src\baseSet\InstrumentStateModel.h">
      <Filter>Header Files</Filter>
    </ClInclude>
    <ClInclude Include="src\baseSet\ItemModel.h">
      <Filter>Header Files</Filter>
    </ClInclude>
    <ClInclude Include="src\result\JudgeRules.h">
      <Filter>Header Files</Filter>
    </ClInclude>
    <ClInclude Include="src\Model.h">
      <Filter>Header Files</Filter>
    </ClInclude>
    <ClInclude Include="src\baseSet\ProcessModel.h">
      <Filter>Header Files</Filter>
    </ClInclude>
    <ClInclude Include="src\baseSet\ProcessParaModel.h">
      <Filter>Header Files</Filter>
    </ClInclude>
    <ClInclude Include="src\reagent\ProcessReagentModel.h">
      <Filter>Header Files</Filter>
    </ClInclude>
    <ClInclude Include="src\baseSet\ProcessStepModel.h">
      <Filter>Header Files</Filter>
    </ClInclude>
    <ClInclude Include="src\reagent\ReagentModel.h">
      <Filter>Header Files</Filter>
    </ClInclude>
    <ClInclude Include="src\baseSet\RemarkModel.h">
      <Filter>Header Files</Filter>
    </ClInclude>
    <ClInclude Include="src\sample\SampleModel.h">
      <Filter>Header Files</Filter>
    </ClInclude>
    <ClInclude Include="src\sample\SampleRackModel.h">
      <Filter>Header Files</Filter>
    </ClInclude>
    <ClInclude Include="src\sample\SampleSchModel.h">
      <Filter>Header Files</Filter>
    </ClInclude>
    <ClInclude Include="src\baseSet\SampleSenderModel.h">
      <Filter>Header Files</Filter>
    </ClInclude>
    <ClInclude Include="src\sample\SampleTestModel.h">
      <Filter>Header Files</Filter>
    </ClInclude>
    <ClInclude Include="src\baseSet\SexModel.h">
      <Filter>Header Files</Filter>
    </ClInclude>
    <ClInclude Include="src\baseSet\SystemSetModel.h">
      <Filter>Header Files</Filter>
    </ClInclude>
    <ClInclude Include="src\baseSet\TestPaperModel.h">
      <Filter>Header Files</Filter>
    </ClInclude>
    <ClInclude Include="src\sample\TestParasModel.h">
      <Filter>Header Files</Filter>
    </ClInclude>
    <ClInclude Include="src\result\TestResultModel.h">
      <Filter>Header Files</Filter>
    </ClInclude>
    <ClInclude Include="src\user\UserGroupModel.h">
      <Filter>Header Files</Filter>
    </ClInclude>
    <ClInclude Include="src\user\UserModel.h">
      <Filter>Header Files</Filter>
    </ClInclude>
    <ClInclude Include="src\baseSet\WardModel.h">
      <Filter>Header Files</Filter>
    </ClInclude>
    <CustomBuild Include="..\Include\Precomp\precompile.h">
      <Filter>Header Files</Filter>
    </CustomBuild>
  </ItemGroup>
  <ItemGroup>
    <CustomBuild Include="moc\moc_predefs.h.cbt">
      <Filter>Generated Files</Filter>
    </CustomBuild>
    <ClCompile Include="..\Include\Precomp\precompile.h.cpp">
      <Filter>Generated Files</Filter>
    </ClCompile>
  </ItemGroup>
</Project>