<?xml version="1.0" encoding="utf-8"?>
<Project xmlns="http://schemas.microsoft.com/developer/msbuild/2003">
  <ItemGroup>
    <Filter Include="Generated Files">
      <UniqueIdentifier>{71ED8ED8-ACB9-4CE9-BBE1-E00B30144E11}</UniqueIdentifier>
      <Extensions>cpp;c;cxx;moc;h;def;odl;idl;res;</Extensions>
    </Filter>
    <Filter Include="Generated Files">
      <UniqueIdentifier>{71ED8ED8-ACB9-4CE9-BBE1-E00B30144E11}</UniqueIdentifier>
      <Extensions>cpp;c;cxx;moc;h;def;odl;idl;res;</Extensions>
    </Filter>
    <Filter Include="Header Files">
      <UniqueIdentifier>{93995380-89BD-4b04-88EB-625FBE52EBFB}</UniqueIdentifier>
      <Extensions>h;hpp;hxx;hm;inl;inc;xsd</Extensions>
    </Filter>
    <Filter Include="Header Files">
      <UniqueIdentifier>{93995380-89BD-4b04-88EB-625FBE52EBFB}</UniqueIdentifier>
      <Extensions>h;hpp;hxx;hm;inl;inc;xsd</Extensions>
    </Filter>
    <Filter Include="Source Files">
      <UniqueIdentifier>{4FC737F1-C7A5-4376-A066-2A32D752A2FF}</UniqueIdentifier>
      <Extensions>cpp;c;cxx;def;odl;idl;hpj;bat;asm;asmx</Extensions>
    </Filter>
    <Filter Include="Source Files">
      <UniqueIdentifier>{4FC737F1-C7A5-4376-A066-2A32D752A2FF}</UniqueIdentifier>
      <Extensions>cpp;c;cxx;def;odl;idl;hpj;bat;asm;asmx</Extensions>
    </Filter>
  </ItemGroup>
  <ItemGroup>
    <ClCompile Include="src\baseSet\AgeUnitDao.cpp">
      <Filter>Source Files</Filter>
    </ClCompile>
    <ClCompile Include="src\Analysis\AnalysisDao.cpp">
      <Filter>Source Files</Filter>
    </ClCompile>
    <ClCompile Include="src\Analysis\AnalysisUIDao.cpp">
      <Filter>Source Files</Filter>
    </ClCompile>
    <ClCompile Include="src\baseSet\BedNoDao.cpp">
      <Filter>Source Files</Filter>
    </ClCompile>
    <ClCompile Include="src\baseSet\DepartmentDao.cpp">
      <Filter>Source Files</Filter>
    </ClCompile>
    <ClCompile Include="src\baseSet\DiagnosisDao.cpp">
      <Filter>Source Files</Filter>
    </ClCompile>
    <ClCompile Include="src\baseSet\InstrumentParasSetDao.cpp">
      <Filter>Source Files</Filter>
    </ClCompile>
    <ClCompile Include="src\baseSet\ItemDao.cpp">
      <Filter>Source Files</Filter>
    </ClCompile>
    <ClCompile Include="src\baseSet\ProcessDao.cpp">
      <Filter>Source Files</Filter>
    </ClCompile>
    <ClCompile Include="src\baseSet\ProcessParaDao.cpp">
      <Filter>Source Files</Filter>
    </ClCompile>
    <ClCompile Include="src\Reagent\ProcessReagentDao.cpp">
      <Filter>Source Files</Filter>
    </ClCompile>
    <ClCompile Include="src\baseSet\ProcessStepDao.cpp">
      <Filter>Source Files</Filter>
    </ClCompile>
    <ClCompile Include="src\Reagent\ReagentDao.cpp">
      <Filter>Source Files</Filter>
    </ClCompile>
    <ClCompile Include="src\baseSet\RemarkDao.cpp">
      <Filter>Source Files</Filter>
    </ClCompile>
    <ClCompile Include="src\sample\SampleDao.cpp">
      <Filter>Source Files</Filter>
    </ClCompile>
    <ClCompile Include="src\baseSet\SampleSenderDao.cpp">
      <Filter>Source Files</Filter>
    </ClCompile>
    <ClCompile Include="src\sample\SampleTestDao.cpp">
      <Filter>Source Files</Filter>
    </ClCompile>
    <ClCompile Include="src\baseSet\SexDao.cpp">
      <Filter>Source Files</Filter>
    </ClCompile>
    <ClCompile Include="src\baseSet\SystemSetDao.cpp">
      <Filter>Source Files</Filter>
    </ClCompile>
    <ClCompile Include="src\baseSet\TestPaperDao.cpp">
      <Filter>Source Files</Filter>
    </ClCompile>
    <ClCompile Include="src\user\UserDao.cpp">
      <Filter>Source Files</Filter>
    </ClCompile>
    <ClCompile Include="src\user\UserGroupDao.cpp">
      <Filter>Source Files</Filter>
    </ClCompile>
    <ClCompile Include="src\baseSet\WardDao.cpp">
      <Filter>Source Files</Filter>
    </ClCompile>
    <ClCompile Include="src\aes\aes.cpp">
      <Filter>Source Files</Filter>
    </ClCompile>
    <ClCompile Include="src\aes\aesencryptor.cpp">
      <Filter>Source Files</Filter>
    </ClCompile>
    <ClCompile Include="src\dao.cpp">
      <Filter>Source Files</Filter>
    </ClCompile>
  </ItemGroup>
  <ItemGroup>
    <ClInclude Include="src\baseSet\AgeUnitDao.h">
      <Filter>Header Files</Filter>
    </ClInclude>
    <ClInclude Include="src\Analysis\AnalysisDao.h">
      <Filter>Header Files</Filter>
    </ClInclude>
    <ClInclude Include="src\Analysis\AnalysisUIDao.h">
      <Filter>Header Files</Filter>
    </ClInclude>
    <ClInclude Include="src\baseSet\BedNoDao.h">
      <Filter>Header Files</Filter>
    </ClInclude>
    <ClInclude Include="src\baseSet\DepartmentDao.h">
      <Filter>Header Files</Filter>
    </ClInclude>
    <ClInclude Include="src\baseSet\DiagnosisDao.h">
      <Filter>Header Files</Filter>
    </ClInclude>
    <ClInclude Include="src\baseSet\InstrumentParasSetDao.h">
      <Filter>Header Files</Filter>
    </ClInclude>
    <ClInclude Include="src\baseSet\ItemDao.h">
      <Filter>Header Files</Filter>
    </ClInclude>
    <ClInclude Include="src\baseSet\ProcessDao.h">
      <Filter>Header Files</Filter>
    </ClInclude>
    <ClInclude Include="src\baseSet\ProcessParaDao.h">
      <Filter>Header Files</Filter>
    </ClInclude>
    <ClInclude Include="src\Reagent\ProcessReagentDao.h">
      <Filter>Header Files</Filter>
    </ClInclude>
    <ClInclude Include="src\baseSet\ProcessStepDao.h">
      <Filter>Header Files</Filter>
    </ClInclude>
    <ClInclude Include="src\Reagent\ReagentDao.h">
      <Filter>Header Files</Filter>
    </ClInclude>
    <ClInclude Include="src\baseSet\RemarkDao.h">
      <Filter>Header Files</Filter>
    </ClInclude>
    <ClInclude Include="src\sample\SampleDao.h">
      <Filter>Header Files</Filter>
    </ClInclude>
    <ClInclude Include="src\baseSet\SampleSenderDao.h">
      <Filter>Header Files</Filter>
    </ClInclude>
    <ClInclude Include="src\sample\SampleTestDao.h">
      <Filter>Header Files</Filter>
    </ClInclude>
    <ClInclude Include="src\baseSet\SexDao.h">
      <Filter>Header Files</Filter>
    </ClInclude>
    <ClInclude Include="src\baseSet\SystemSetDao.h">
      <Filter>Header Files</Filter>
    </ClInclude>
    <ClInclude Include="src\baseSet\TestPaperDao.h">
      <Filter>Header Files</Filter>
    </ClInclude>
    <ClInclude Include="src\user\UserDao.h">
      <Filter>Header Files</Filter>
    </ClInclude>
    <ClInclude Include="src\user\UserGroupDao.h">
      <Filter>Header Files</Filter>
    </ClInclude>
    <ClInclude Include="src\baseSet\WardDao.h">
      <Filter>Header Files</Filter>
    </ClInclude>
    <ClInclude Include="src\aes\aes.h">
      <Filter>Header Files</Filter>
    </ClInclude>
    <ClInclude Include="src\aes\aesencryptor.h">
      <Filter>Header Files</Filter>
    </ClInclude>
    <ClInclude Include="src\dao.h">
      <Filter>Header Files</Filter>
    </ClInclude>
    <CustomBuild Include="..\Include\Precomp\precompile.h">
      <Filter>Header Files</Filter>
    </CustomBuild>
  </ItemGroup>
  <ItemGroup>
    <CustomBuild Include="moc\moc_predefs.h.cbt">
      <Filter>Generated Files</Filter>
    </CustomBuild>
    <ClCompile Include="..\Include\Precomp\precompile.h.cpp">
      <Filter>Generated Files</Filter>
    </ClCompile>
  </ItemGroup>
</Project>