<?xml version="1.0" encoding="utf-8"?>
<Project xmlns="http://schemas.microsoft.com/developer/msbuild/2003">
  <ItemGroup>
    <Filter Include="Generated Files">
      <UniqueIdentifier>{71ED8ED8-ACB9-4CE9-BBE1-E00B30144E11}</UniqueIdentifier>
      <Extensions>cpp;c;cxx;moc;h;def;odl;idl;res;</Extensions>
    </Filter>
    <Filter Include="Generated Files">
      <UniqueIdentifier>{71ED8ED8-ACB9-4CE9-BBE1-E00B30144E11}</UniqueIdentifier>
      <Extensions>cpp;c;cxx;moc;h;def;odl;idl;res;</Extensions>
    </Filter>
    <Filter Include="Header Files">
      <UniqueIdentifier>{93995380-89BD-4b04-88EB-625FBE52EBFB}</UniqueIdentifier>
      <Extensions>h;hpp;hxx;hm;inl;inc;xsd</Extensions>
    </Filter>
    <Filter Include="Header Files">
      <UniqueIdentifier>{93995380-89BD-4b04-88EB-625FBE52EBFB}</UniqueIdentifier>
      <Extensions>h;hpp;hxx;hm;inl;inc;xsd</Extensions>
    </Filter>
    <Filter Include="Source Files">
      <UniqueIdentifier>{4FC737F1-C7A5-4376-A066-2A32D752A2FF}</UniqueIdentifier>
      <Extensions>cpp;c;cxx;def;odl;idl;hpj;bat;asm;asmx</Extensions>
    </Filter>
    <Filter Include="Source Files">
      <UniqueIdentifier>{4FC737F1-C7A5-4376-A066-2A32D752A2FF}</UniqueIdentifier>
      <Extensions>cpp;c;cxx;def;odl;idl;hpj;bat;asm;asmx</Extensions>
    </Filter>
  </ItemGroup>
  <ItemGroup>
    <ClCompile Include="src\function\timing\ActionModel.cpp">
      <Filter>Source Files</Filter>
    </ClCompile>
    <ClCompile Include="src\cmd\AnalysisReciveCmd.cpp">
      <Filter>Source Files</Filter>
    </ClCompile>
    <ClCompile Include="src\component\Buzzle.cpp">
      <Filter>Source Files</Filter>
    </ClCompile>
    <ClCompile Include="src\component\Camera.cpp">
      <Filter>Source Files</Filter>
    </ClCompile>
    <ClCompile Include="src\cmd\Command.cpp">
      <Filter>Source Files</Filter>
    </ClCompile>
    <ClCompile Include="src\component\Component.cpp">
      <Filter>Source Files</Filter>
    </ClCompile>
    <ClCompile Include="src\component\Components.cpp">
      <Filter>Source Files</Filter>
    </ClCompile>
    <ClCompile Include="src\component\Encoder.cpp">
      <Filter>Source Files</Filter>
    </ClCompile>
    <ClCompile Include="src\component\Fan.cpp">
      <Filter>Source Files</Filter>
    </ClCompile>
    <ClCompile Include="src\function\Function.cpp">
      <Filter>Source Files</Filter>
    </ClCompile>
    <ClCompile Include="src\function\Functions.cpp">
      <Filter>Source Files</Filter>
    </ClCompile>
    <ClCompile Include="src\Instrument.cpp">
      <Filter>Source Files</Filter>
    </ClCompile>
    <ClCompile Include="src\component\Light.cpp">
      <Filter>Source Files</Filter>
    </ClCompile>
    <ClCompile Include="src\component\Liquid.cpp">
      <Filter>Source Files</Filter>
    </ClCompile>
    <ClCompile Include="src\component\MainController.cpp">
      <Filter>Source Files</Filter>
    </ClCompile>
    <ClCompile Include="src\function\maintain\MaintainSystem.cpp">
      <Filter>Source Files</Filter>
    </ClCompile>
    <ClCompile Include="src\function\monitor\Monitor.cpp">
      <Filter>Source Files</Filter>
    </ClCompile>
    <ClCompile Include="src\component\Motor.cpp">
      <Filter>Source Files</Filter>
    </ClCompile>
    <ClCompile Include="src\component\RockBed.cpp">
      <Filter>Source Files</Filter>
    </ClCompile>
    <ClCompile Include="src\component\SampleArm.cpp">
      <Filter>Source Files</Filter>
    </ClCompile>
    <ClCompile Include="src\component\Scaner.cpp">
      <Filter>Source Files</Filter>
    </ClCompile>
    <ClCompile Include="src\component\Sensor.cpp">
      <Filter>Source Files</Filter>
    </ClCompile>
    <ClCompile Include="src\SignalAndSlotHandle.cpp">
      <Filter>Source Files</Filter>
    </ClCompile>
    <ClCompile Include="src\component\Temperature.cpp">
      <Filter>Source Files</Filter>
    </ClCompile>
    <ClCompile Include="src\function\timing\Timing.cpp">
      <Filter>Source Files</Filter>
    </ClCompile>
    <ClCompile Include="src\component\Valve.cpp">
      <Filter>Source Files</Filter>
    </ClCompile>
    <ClCompile Include="src\local_log.cpp">
      <Filter>Source Files</Filter>
    </ClCompile>
    <ClCompile Include="src\component\socket.cpp">
      <Filter>Source Files</Filter>
    </ClCompile>
  </ItemGroup>
  <ItemGroup>
    <ClInclude Include="src\function\timing\ActionModel.h">
      <Filter>Header Files</Filter>
    </ClInclude>
    <QtMoc Include="src\cmd\AnalysisReciveCmd.h">
      <Filter>Header Files</Filter>
    </QtMoc>
    <ClInclude Include="src\component\Buzzle.h">
      <Filter>Header Files</Filter>
    </ClInclude>
    <ClInclude Include="src\component\Camera.h">
      <Filter>Header Files</Filter>
    </ClInclude>
    <ClInclude Include="src\cmd\Command.h">
      <Filter>Header Files</Filter>
    </ClInclude>
    <ClInclude Include="src\component\Component.h">
      <Filter>Header Files</Filter>
    </ClInclude>
    <ClInclude Include="src\component\Components.h">
      <Filter>Header Files</Filter>
    </ClInclude>
    <ClInclude Include="src\component\Encoder.h">
      <Filter>Header Files</Filter>
    </ClInclude>
    <ClInclude Include="src\component\Fan.h">
      <Filter>Header Files</Filter>
    </ClInclude>
    <QtMoc Include="src\function\Function.h">
      <Filter>Header Files</Filter>
    </QtMoc>
    <ClInclude Include="src\function\Functions.h">
      <Filter>Header Files</Filter>
    </ClInclude>
    <QtMoc Include="src\Instrument.h">
      <Filter>Header Files</Filter>
    </QtMoc>
    <ClInclude Include="src\component\Light.h">
      <Filter>Header Files</Filter>
    </ClInclude>
    <ClInclude Include="src\component\Liquid.h">
      <Filter>Header Files</Filter>
    </ClInclude>
    <ClInclude Include="src\component\MainController.h">
      <Filter>Header Files</Filter>
    </ClInclude>
    <QtMoc Include="src\function\maintain\MaintainSystem.h">
      <Filter>Header Files</Filter>
    </QtMoc>
    <QtMoc Include="src\function\monitor\Monitor.h">
      <Filter>Header Files</Filter>
    </QtMoc>
    <ClInclude Include="src\component\Motor.h">
      <Filter>Header Files</Filter>
    </ClInclude>
    <ClInclude Include="src\component\ObjectInfo.h">
      <Filter>Header Files</Filter>
    </ClInclude>
    <ClInclude Include="src\component\RockBed.h">
      <Filter>Header Files</Filter>
    </ClInclude>
    <ClInclude Include="src\component\SampleArm.h">
      <Filter>Header Files</Filter>
    </ClInclude>
    <ClInclude Include="src\component\Scaner.h">
      <Filter>Header Files</Filter>
    </ClInclude>
    <ClInclude Include="src\component\Sensor.h">
      <Filter>Header Files</Filter>
    </ClInclude>
    <QtMoc Include="src\SignalAndSlotHandle.h">
      <Filter>Header Files</Filter>
    </QtMoc>
    <ClInclude Include="src\component\Temperature.h">
      <Filter>Header Files</Filter>
    </ClInclude>
    <QtMoc Include="src\function\timing\Timing.h">
      <Filter>Header Files</Filter>
    </QtMoc>
    <ClInclude Include="src\component\Valve.h">
      <Filter>Header Files</Filter>
    </ClInclude>
    <ClInclude Include="src\instrument_global.h">
      <Filter>Header Files</Filter>
    </ClInclude>
    <ClInclude Include="src\local_log.h">
      <Filter>Header Files</Filter>
    </ClInclude>
    <CustomBuild Include="..\Include\Precomp\precompile.h">
      <Filter>Header Files</Filter>
    </CustomBuild>
    <ClInclude Include="src\component\socket.h">
      <Filter>Header Files</Filter>
    </ClInclude>
  </ItemGroup>
  <ItemGroup>
    
    
    
    
    
    
    
    <CustomBuild Include="moc\moc_predefs.h.cbt">
      <Filter>Generated Files</Filter>
    </CustomBuild>
    <ClCompile Include="..\Include\Precomp\precompile.h.cpp">
      <Filter>Generated Files</Filter>
    </ClCompile>
  </ItemGroup>
</Project>