<?xml version="1.0" encoding="utf-8"?>
<Project xmlns="http://schemas.microsoft.com/developer/msbuild/2003">
  <ItemGroup>
    <Filter Include="Generated Files">
      <UniqueIdentifier>{71ED8ED8-ACB9-4CE9-BBE1-E00B30144E11}</UniqueIdentifier>
      <Extensions>cpp;c;cxx;moc;h;def;odl;idl;res;</Extensions>
    </Filter>
    <Filter Include="Generated Files">
      <UniqueIdentifier>{71ED8ED8-ACB9-4CE9-BBE1-E00B30144E11}</UniqueIdentifier>
      <Extensions>cpp;c;cxx;moc;h;def;odl;idl;res;</Extensions>
    </Filter>
    <Filter Include="Header Files">
      <UniqueIdentifier>{93995380-89BD-4b04-88EB-625FBE52EBFB}</UniqueIdentifier>
      <Extensions>h;hpp;hxx;hm;inl;inc;xsd</Extensions>
    </Filter>
    <Filter Include="Header Files">
      <UniqueIdentifier>{93995380-89BD-4b04-88EB-625FBE52EBFB}</UniqueIdentifier>
      <Extensions>h;hpp;hxx;hm;inl;inc;xsd</Extensions>
    </Filter>
    <Filter Include="Source Files">
      <UniqueIdentifier>{4FC737F1-C7A5-4376-A066-2A32D752A2FF}</UniqueIdentifier>
      <Extensions>cpp;c;cxx;def;odl;idl;hpj;bat;asm;asmx</Extensions>
    </Filter>
    <Filter Include="Source Files">
      <UniqueIdentifier>{4FC737F1-C7A5-4376-A066-2A32D752A2FF}</UniqueIdentifier>
      <Extensions>cpp;c;cxx;def;odl;idl;hpj;bat;asm;asmx</Extensions>
    </Filter>
  </ItemGroup>
  <ItemGroup>
    <ClCompile Include="src\baseSet\AgeUnitBLL.cpp">
      <Filter>Source Files</Filter>
    </ClCompile>
    <ClCompile Include="src\comm\BarCodeRule.cpp">
      <Filter>Source Files</Filter>
    </ClCompile>
    <ClCompile Include="src\baseSet\BedNoBLL.cpp">
      <Filter>Source Files</Filter>
    </ClCompile>
    <ClCompile Include="src\comm\CliaEncryption.cpp">
      <Filter>Source Files</Filter>
    </ClCompile>
    <ClCompile Include="src\baseSet\DepartmentBLL.cpp">
      <Filter>Source Files</Filter>
    </ClCompile>
    <ClCompile Include="src\baseSet\DiagnosisBLL.cpp">
      <Filter>Source Files</Filter>
    </ClCompile>
    <ClCompile Include="src\comm\GetLanguageClsBLL.cpp">
      <Filter>Source Files</Filter>
    </ClCompile>
    <ClCompile Include="src\baseSet\InstrumentParasSetBLL.cpp">
      <Filter>Source Files</Filter>
    </ClCompile>
    <ClCompile Include="src\baseSet\ItemBll.cpp">
      <Filter>Source Files</Filter>
    </ClCompile>
    <ClCompile Include="src\baseSet\ProcessBLL.cpp">
      <Filter>Source Files</Filter>
    </ClCompile>
    <ClCompile Include="src\baseSet\ProcessParaBLL.cpp">
      <Filter>Source Files</Filter>
    </ClCompile>
    <ClCompile Include="src\reagent\ProcessReagentBLL.cpp">
      <Filter>Source Files</Filter>
    </ClCompile>
    <ClCompile Include="src\baseSet\ProcessStepBLL.cpp">
      <Filter>Source Files</Filter>
    </ClCompile>
    <ClCompile Include="src\reagent\ReagentBLL.cpp">
      <Filter>Source Files</Filter>
    </ClCompile>
    <ClCompile Include="src\baseSet\RemarkBLL.cpp">
      <Filter>Source Files</Filter>
    </ClCompile>
    <ClCompile Include="src\sample\SampleBLL.cpp">
      <Filter>Source Files</Filter>
    </ClCompile>
    <ClCompile Include="src\baseSet\SampleSenderBLL.cpp">
      <Filter>Source Files</Filter>
    </ClCompile>
    <ClCompile Include="src\baseSet\SexBLL.cpp">
      <Filter>Source Files</Filter>
    </ClCompile>
    <ClCompile Include="src\baseSet\SystemSetBLL.cpp">
      <Filter>Source Files</Filter>
    </ClCompile>
    <ClCompile Include="src\baseSet\TestPaperBLL.cpp">
      <Filter>Source Files</Filter>
    </ClCompile>
    <ClCompile Include="src\user\UserBLL.cpp">
      <Filter>Source Files</Filter>
    </ClCompile>
    <ClCompile Include="src\baseSet\WardBLL.cpp">
      <Filter>Source Files</Filter>
    </ClCompile>
  </ItemGroup>
  <ItemGroup>
    <ClInclude Include="src\baseSet\AgeUnitBLL.h">
      <Filter>Header Files</Filter>
    </ClInclude>
    <ClInclude Include="src\comm\BarCodeRule.h">
      <Filter>Header Files</Filter>
    </ClInclude>
    <ClInclude Include="src\baseSet\BedNoBLL.h">
      <Filter>Header Files</Filter>
    </ClInclude>
    <ClInclude Include="src\comm\CliaEncryption.h">
      <Filter>Header Files</Filter>
    </ClInclude>
    <ClInclude Include="src\baseSet\DepartmentBLL.h">
      <Filter>Header Files</Filter>
    </ClInclude>
    <ClInclude Include="src\baseSet\DiagnosisBLL.h">
      <Filter>Header Files</Filter>
    </ClInclude>
    <ClInclude Include="src\comm\GetLanguageClsBLL.h">
      <Filter>Header Files</Filter>
    </ClInclude>
    <ClInclude Include="src\baseSet\InstrumentParasSetBLL.h">
      <Filter>Header Files</Filter>
    </ClInclude>
    <ClInclude Include="src\baseSet\ItemBll.h">
      <Filter>Header Files</Filter>
    </ClInclude>
    <ClInclude Include="src\baseSet\ProcessBLL.h">
      <Filter>Header Files</Filter>
    </ClInclude>
    <ClInclude Include="src\baseSet\ProcessParaBLL.h">
      <Filter>Header Files</Filter>
    </ClInclude>
    <ClInclude Include="src\reagent\ProcessReagentBLL.h">
      <Filter>Header Files</Filter>
    </ClInclude>
    <ClInclude Include="src\baseSet\ProcessStepBLL.h">
      <Filter>Header Files</Filter>
    </ClInclude>
    <ClInclude Include="src\reagent\ReagentBLL.h">
      <Filter>Header Files</Filter>
    </ClInclude>
    <ClInclude Include="src\baseSet\RemarkBLL.h">
      <Filter>Header Files</Filter>
    </ClInclude>
    <ClInclude Include="src\sample\SampleBLL.h">
      <Filter>Header Files</Filter>
    </ClInclude>
    <ClInclude Include="src\baseSet\SampleSenderBLL.h">
      <Filter>Header Files</Filter>
    </ClInclude>
    <ClInclude Include="src\baseSet\SexBLL.h">
      <Filter>Header Files</Filter>
    </ClInclude>
    <ClInclude Include="src\baseSet\SystemSetBLL.h">
      <Filter>Header Files</Filter>
    </ClInclude>
    <ClInclude Include="src\baseSet\TestPaperBLL.h">
      <Filter>Header Files</Filter>
    </ClInclude>
    <ClInclude Include="src\user\UserBLL.h">
      <Filter>Header Files</Filter>
    </ClInclude>
    <ClInclude Include="src\baseSet\WardBLL.h">
      <Filter>Header Files</Filter>
    </ClInclude>
    <ClInclude Include="src\bll.h">
      <Filter>Header Files</Filter>
    </ClInclude>
    <CustomBuild Include="..\Include\Precomp\precompile.h">
      <Filter>Header Files</Filter>
    </CustomBuild>
  </ItemGroup>
  <ItemGroup>
    <CustomBuild Include="moc\moc_predefs.h.cbt">
      <Filter>Generated Files</Filter>
    </CustomBuild>
    <ClCompile Include="..\Include\Precomp\precompile.h.cpp">
      <Filter>Generated Files</Filter>
    </ClCompile>
  </ItemGroup>
</Project>